
Microsoft Visual Studio Solution File, Format Version 12.00
# Visual Studio 15
VisualStudioVersion = 15.0.27130.2020
MinimumVisualStudioVersion = 10.0.40219.1
Project("{FAE04EC0-301F-11D3-BF4B-00C04F79EFBC}") = "DataScience1", "DataScience1\DataScience1.csproj", "{076AB117-AB2A-41ED-9C29-89AA21F94EA3}"
EndProject
Global
	GlobalSection(SolutionConfigurationPlatforms) = preSolution
		Debug|Any CPU = Debug|Any CPU
		Release|Any CPU = Release|Any CPU
	EndGlobalSection
	GlobalSection(ProjectConfigurationPlatforms) = postSolution
		{076AB117-AB2A-41ED-9C29-89AA21F94EA3}.Debug|Any CPU.ActiveCfg = Debug|Any CPU
		{076AB117-AB2A-41ED-9C29-89AA21F94EA3}.Debug|Any CPU.Build.0 = Debug|Any CPU
		{076AB117-AB2A-41ED-9C29-89AA21F94EA3}.Release|Any CPU.ActiveCfg = Release|Any CPU
		{076AB117-AB2A-41ED-9C29-89AA21F94EA3}.Release|Any CPU.Build.0 = Release|Any CPU
	EndGlobalSection
	GlobalSection(SolutionProperties) = preSolution
		HideSolutionNode = FALSE
	EndGlobalSection
	GlobalSection(ExtensibilityGlobals) = postSolution
		SolutionGuid = {7CF29F2C-029A-4103-923B-B1C401142D4C}
	EndGlobalSection
EndGlobal
